
Microsoft Visual Studio Solution File, Format Version 12.00
# Visual Studio Version 17
VisualStudioVersion = 17.5.001.0
MinimumVisualStudioVersion = 10.0.40219.1
Project("{9A19103F-16F7-4668-BE54-9A1E7A4F7556}") = "Task001_Polindrome", "Task001_Polindrome.csproj", "{66269EEC-A90E-4106-AE3F-07B0A01C6A81}"
EndProject
Global
	GlobalSection(SolutionConfigurationPlatforms) = preSolution
		Debug|Any CPU = Debug|Any CPU
		Release|Any CPU = Release|Any CPU
	EndGlobalSection
	GlobalSection(ProjectConfigurationPlatforms) = postSolution
		{66269EEC-A90E-4106-AE3F-07B0A01C6A81}.Debug|Any CPU.ActiveCfg = Debug|Any CPU
		{66269EEC-A90E-4106-AE3F-07B0A01C6A81}.Debug|Any CPU.Build.0 = Debug|Any CPU
		{66269EEC-A90E-4106-AE3F-07B0A01C6A81}.Release|Any CPU.ActiveCfg = Release|Any CPU
		{66269EEC-A90E-4106-AE3F-07B0A01C6A81}.Release|Any CPU.Build.0 = Release|Any CPU
	EndGlobalSection
	GlobalSection(SolutionProperties) = preSolution
		HideSolutionNode = FALSE
	EndGlobalSection
	GlobalSection(ExtensibilityGlobals) = postSolution
		SolutionGuid = {C45EE3AC-ACFD-4571-BF9E-36F13FAA96C8}
	EndGlobalSection
EndGlobal
